
Microsoft Visual Studio Solution File, Format Version 12.00
# Visual Studio Version 16
VisualStudioVersion = 16.0.30320.27
MinimumVisualStudioVersion = 10.0.40219.1
Project("{FAE04EC0-301F-11D3-BF4B-00C04F79EFBC}") = "test2", "test2\test2.csproj", "{643AF8FB-EEFE-4ADA-A72B-B47B8B5E8356}"
EndProject
Global
	GlobalSection(SolutionConfigurationPlatforms) = preSolution
		Debug|Any CPU = Debug|Any CPU
		Release|Any CPU = Release|Any CPU
	EndGlobalSection
	GlobalSection(ProjectConfigurationPlatforms) = postSolution
		{643AF8FB-EEFE-4ADA-A72B-B47B8B5E8356}.Debug|Any CPU.ActiveCfg = Debug|Any CPU
		{643AF8FB-EEFE-4ADA-A72B-B47B8B5E8356}.Debug|Any CPU.Build.0 = Debug|Any CPU
		{643AF8FB-EEFE-4ADA-A72B-B47B8B5E8356}.Release|Any CPU.ActiveCfg = Release|Any CPU
		{643AF8FB-EEFE-4ADA-A72B-B47B8B5E8356}.Release|Any CPU.Build.0 = Release|Any CPU
	EndGlobalSection
	GlobalSection(SolutionProperties) = preSolution
		HideSolutionNode = FALSE
	EndGlobalSection
	GlobalSection(ExtensibilityGlobals) = postSolution
		SolutionGuid = {A1748042-6E5A-4874-95DB-CBE19E57DA20}
	EndGlobalSection
EndGlobal
